
Microsoft Visual Studio Solution File, Format Version 12.00
# Visual Studio Version 16
VisualStudioVersion = 16.0.30503.244
MinimumVisualStudioVersion = 10.0.40219.1
Project("{FAE04EC0-301F-11D3-BF4B-00C04F79EFBC}") = "Umbraco.Api03", "Umbraco.Api03\Umbraco.Api03.csproj", "{8B692713-72C1-4F45-8E18-646035AB51CB}"
EndProject
Global
	GlobalSection(SolutionConfigurationPlatforms) = preSolution
		Debug|Any CPU = Debug|Any CPU
		Release|Any CPU = Release|Any CPU
	EndGlobalSection
	GlobalSection(ProjectConfigurationPlatforms) = postSolution
		{8B692713-72C1-4F45-8E18-646035AB51CB}.Debug|Any CPU.ActiveCfg = Debug|Any CPU
		{8B692713-72C1-4F45-8E18-646035AB51CB}.Debug|Any CPU.Build.0 = Debug|Any CPU
		{8B692713-72C1-4F45-8E18-646035AB51CB}.Release|Any CPU.ActiveCfg = Release|Any CPU
		{8B692713-72C1-4F45-8E18-646035AB51CB}.Release|Any CPU.Build.0 = Release|Any CPU
	EndGlobalSection
	GlobalSection(SolutionProperties) = preSolution
		HideSolutionNode = FALSE
	EndGlobalSection
	GlobalSection(ExtensibilityGlobals) = postSolution
		SolutionGuid = {A2A453F1-2B7F-403D-86CA-58A7BF093C9E}
	EndGlobalSection
EndGlobal
